Microsoft Visual Studio Solution File, Format Version 12.00
# Visual Studio Version 17
VisualStudioVersion = 17.5.2.0
MinimumVisualStudioVersion = 10.0.40219.1
Project("{2150E333-8FDC-42A3-9474-1A3956D46DE8}") = "Backend", "Backend", "{1AE8ACA6-933B-BF2A-3671-3E2EAC007D16}"
EndProject
Project("{FAE04EC0-301F-11D3-BF4B-00C04F79EFBC}") = "EmployeeManagementSystem", "Backend\EmployeeManagementSystem.csproj", "{AF7C3609-04D3-3095-6E3B-30BF7EBE5EFB}"
EndProject
Global
	GlobalSection(SolutionConfigurationPlatforms) = preSolution
		Debug|Any CPU = Debug|Any CPU
		Release|Any CPU = Release|Any CPU
	EndGlobalSection
	GlobalSection(ProjectConfigurationPlatforms) = postSolution
		{AF7C3609-04D3-3095-6E3B-30BF7EBE5EFB}.Debug|Any CPU.ActiveCfg = Debug|Any CPU
		{AF7C3609-04D3-3095-6E3B-30BF7EBE5EFB}.Debug|Any CPU.Build.0 = Debug|Any CPU
		{AF7C3609-04D3-3095-6E3B-30BF7EBE5EFB}.Release|Any CPU.ActiveCfg = Release|Any CPU
		{AF7C3609-04D3-3095-6E3B-30BF7EBE5EFB}.Release|Any CPU.Build.0 = Release|Any CPU
	EndGlobalSection
	GlobalSection(SolutionProperties) = preSolution
		HideSolutionNode = FALSE
	EndGlobalSection
	GlobalSection(NestedProjects) = preSolution
		{AF7C3609-04D3-3095-6E3B-30BF7EBE5EFB} = {1AE8ACA6-933B-BF2A-3671-3E2EAC007D16}
	EndGlobalSection
	GlobalSection(ExtensibilityGlobals) = postSolution
		SolutionGuid = {BA76E1E0-D380-4022-BDEA-84EBECA64E54}
	EndGlobalSection
EndGlobal
